
Microsoft Visual Studio Solution File, Format Version 12.00
# Visual Studio Version 16
VisualStudioVersion = 16.0.30320.27
MinimumVisualStudioVersion = 10.0.40219.1
Project("{FAE04EC0-301F-11D3-BF4B-00C04F79EFBC}") = "BiomesIslands", "BiomesIslands\BiomesIslands.csproj", "{C87AC0BA-1005-478A-80B4-E8830B7DBF1E}"
EndProject
Global
	GlobalSection(SolutionConfigurationPlatforms) = preSolution
		Debug|Any CPU = Debug|Any CPU
		Release|Any CPU = Release|Any CPU
	EndGlobalSection
	GlobalSection(ProjectConfigurationPlatforms) = postSolution
		{C87AC0BA-1005-478A-80B4-E8830B7DBF1E}.Debug|Any CPU.ActiveCfg = Release|Any CPU
		{C87AC0BA-1005-478A-80B4-E8830B7DBF1E}.Debug|Any CPU.Build.0 = Release|Any CPU
		{C87AC0BA-1005-478A-80B4-E8830B7DBF1E}.Release|Any CPU.ActiveCfg = Release|Any CPU
		{C87AC0BA-1005-478A-80B4-E8830B7DBF1E}.Release|Any CPU.Build.0 = Release|Any CPU
	EndGlobalSection
	GlobalSection(SolutionProperties) = preSolution
		HideSolutionNode = FALSE
	EndGlobalSection
	GlobalSection(ExtensibilityGlobals) = postSolution
		SolutionGuid = {A08AA408-04C8-4116-95AE-27492FC557F3}
	EndGlobalSection
EndGlobal
